
Microsoft Visual Studio Solution File, Format Version 12.00
# Visual Studio Version 16
VisualStudioVersion = 16.0.30803.129
MinimumVisualStudioVersion = 10.0.40219.1
Project("{9A19103F-16F7-4668-BE54-9A1E7A4F7556}") = "BlazorWasmUpload.Server", "BlazorWasmUpload\Server\BlazorWasmUpload.Server.csproj", "{075C3F30-F033-45BD-80B2-FB0E4BA6F054}"
EndProject
Project("{9A19103F-16F7-4668-BE54-9A1E7A4F7556}") = "BlazorWasmUpload.Client", "BlazorWasmUpload\Client\BlazorWasmUpload.Client.csproj", "{3F27D5BB-4263-48F2-9E34-26297C749E65}"
EndProject
Global
	GlobalSection(SolutionConfigurationPlatforms) = preSolution
		Debug|Any CPU = Debug|Any CPU
		Release|Any CPU = Release|Any CPU
	EndGlobalSection
	GlobalSection(ProjectConfigurationPlatforms) = postSolution
		{075C3F30-F033-45BD-80B2-FB0E4BA6F054}.Debug|Any CPU.ActiveCfg = Debug|Any CPU
		{075C3F30-F033-45BD-80B2-FB0E4BA6F054}.Debug|Any CPU.Build.0 = Debug|Any CPU
		{075C3F30-F033-45BD-80B2-FB0E4BA6F054}.Release|Any CPU.ActiveCfg = Release|Any CPU
		{075C3F30-F033-45BD-80B2-FB0E4BA6F054}.Release|Any CPU.Build.0 = Release|Any CPU
		{3F27D5BB-4263-48F2-9E34-26297C749E65}.Debug|Any CPU.ActiveCfg = Debug|Any CPU
		{3F27D5BB-4263-48F2-9E34-26297C749E65}.Debug|Any CPU.Build.0 = Debug|Any CPU
		{3F27D5BB-4263-48F2-9E34-26297C749E65}.Release|Any CPU.ActiveCfg = Release|Any CPU
		{3F27D5BB-4263-48F2-9E34-26297C749E65}.Release|Any CPU.Build.0 = Release|Any CPU
	EndGlobalSection
	GlobalSection(SolutionProperties) = preSolution
		HideSolutionNode = FALSE
	EndGlobalSection
	GlobalSection(ExtensibilityGlobals) = postSolution
		SolutionGuid = {D0A219E6-A9F0-43C0-B023-0C99ACDEB383}
	EndGlobalSection
EndGlobal
